
Microsoft Visual Studio Solution File, Format Version 12.00
# Visual Studio Version 16
VisualStudioVersion = 16.0.30717.126
MinimumVisualStudioVersion = 10.0.40219.1
Project("{9A19103F-16F7-4668-BE54-9A1E7A4F7556}") = "WorkWithDataSource", "..\WorkWithDataSource1\WorkWithDataSource.csproj", "{35CCF381-D88A-4AA8-9D55-7782A0912497}"
EndProject
Project("{2150E333-8FDC-42A3-9474-1A3956D46DE8}") = "DataLayer", "DataLayer", "{AE2B2E33-3904-4C97-A2D8-DF8CE915A08A}"
EndProject
Project("{2150E333-8FDC-42A3-9474-1A3956D46DE8}") = "BusinesLogicLayer", "BusinesLogicLayer", "{A19A36C1-2176-4D94-836B-06D6CE17BB43}"
EndProject
Project("{2150E333-8FDC-42A3-9474-1A3956D46DE8}") = "UI", "UI", "{477E4F47-9DC7-4C2B-A427-DED3648FE97F}"
EndProject
Project("{9A19103F-16F7-4668-BE54-9A1E7A4F7556}") = "WorkWithCatalog", "..\CatalogCreator1\WorkWithCatalog.csproj", "{8225C5C6-9FDD-49EA-BF68-04EE6077CD95}"
EndProject
Project("{9A19103F-16F7-4668-BE54-9A1E7A4F7556}") = "ExcelForParus", "..\ExcelForParus1\ExcelForParus.csproj", "{0AF074B8-461B-42ED-8A03-98A502A59F4D}"
EndProject
Project("{9A19103F-16F7-4668-BE54-9A1E7A4F7556}") = "OutputFileStructure", "OutputFileStructure\OutputFileStructure.csproj", "{D85CEDA9-ECC6-47C8-B696-A28D86C75702}"
EndProject
Project("{FAE04EC0-301F-11D3-BF4B-00C04F79EFBC}") = "DataTypes", "DataTypes\DataTypes.csproj", "{13F3FDE4-5FFE-4C08-AE3F-8B7A14A1768F}"
EndProject
Project("{FAE04EC0-301F-11D3-BF4B-00C04F79EFBC}") = "GUI", "MainForm\GUI.csproj", "{C8572083-BABC-464A-8098-47F8AAD92BCA}"
EndProject
Global
	GlobalSection(SolutionConfigurationPlatforms) = preSolution
		Debug|Any CPU = Debug|Any CPU
		Release|Any CPU = Release|Any CPU
	EndGlobalSection
	GlobalSection(ProjectConfigurationPlatforms) = postSolution
		{35CCF381-D88A-4AA8-9D55-7782A0912497}.Debug|Any CPU.ActiveCfg = Debug|Any CPU
		{35CCF381-D88A-4AA8-9D55-7782A0912497}.Debug|Any CPU.Build.0 = Debug|Any CPU
		{35CCF381-D88A-4AA8-9D55-7782A0912497}.Release|Any CPU.ActiveCfg = Release|Any CPU
		{35CCF381-D88A-4AA8-9D55-7782A0912497}.Release|Any CPU.Build.0 = Release|Any CPU
		{8225C5C6-9FDD-49EA-BF68-04EE6077CD95}.Debug|Any CPU.ActiveCfg = Debug|Any CPU
		{8225C5C6-9FDD-49EA-BF68-04EE6077CD95}.Debug|Any CPU.Build.0 = Debug|Any CPU
		{8225C5C6-9FDD-49EA-BF68-04EE6077CD95}.Release|Any CPU.ActiveCfg = Release|Any CPU
		{8225C5C6-9FDD-49EA-BF68-04EE6077CD95}.Release|Any CPU.Build.0 = Release|Any CPU
		{0AF074B8-461B-42ED-8A03-98A502A59F4D}.Debug|Any CPU.ActiveCfg = Debug|Any CPU
		{0AF074B8-461B-42ED-8A03-98A502A59F4D}.Debug|Any CPU.Build.0 = Debug|Any CPU
		{0AF074B8-461B-42ED-8A03-98A502A59F4D}.Release|Any CPU.ActiveCfg = Release|Any CPU
		{0AF074B8-461B-42ED-8A03-98A502A59F4D}.Release|Any CPU.Build.0 = Release|Any CPU
		{D85CEDA9-ECC6-47C8-B696-A28D86C75702}.Debug|Any CPU.ActiveCfg = Debug|Any CPU
		{D85CEDA9-ECC6-47C8-B696-A28D86C75702}.Debug|Any CPU.Build.0 = Debug|Any CPU
		{D85CEDA9-ECC6-47C8-B696-A28D86C75702}.Release|Any CPU.ActiveCfg = Release|Any CPU
		{D85CEDA9-ECC6-47C8-B696-A28D86C75702}.Release|Any CPU.Build.0 = Release|Any CPU
		{13F3FDE4-5FFE-4C08-AE3F-8B7A14A1768F}.Debug|Any CPU.ActiveCfg = Debug|Any CPU
		{13F3FDE4-5FFE-4C08-AE3F-8B7A14A1768F}.Debug|Any CPU.Build.0 = Debug|Any CPU
		{13F3FDE4-5FFE-4C08-AE3F-8B7A14A1768F}.Release|Any CPU.ActiveCfg = Release|Any CPU
		{13F3FDE4-5FFE-4C08-AE3F-8B7A14A1768F}.Release|Any CPU.Build.0 = Release|Any CPU
		{C8572083-BABC-464A-8098-47F8AAD92BCA}.Debug|Any CPU.ActiveCfg = Debug|Any CPU
		{C8572083-BABC-464A-8098-47F8AAD92BCA}.Debug|Any CPU.Build.0 = Debug|Any CPU
		{C8572083-BABC-464A-8098-47F8AAD92BCA}.Release|Any CPU.ActiveCfg = Release|Any CPU
		{C8572083-BABC-464A-8098-47F8AAD92BCA}.Release|Any CPU.Build.0 = Release|Any CPU
	EndGlobalSection
	GlobalSection(SolutionProperties) = preSolution
		HideSolutionNode = FALSE
	EndGlobalSection
	GlobalSection(NestedProjects) = preSolution
		{35CCF381-D88A-4AA8-9D55-7782A0912497} = {AE2B2E33-3904-4C97-A2D8-DF8CE915A08A}
		{8225C5C6-9FDD-49EA-BF68-04EE6077CD95} = {A19A36C1-2176-4D94-836B-06D6CE17BB43}
		{0AF074B8-461B-42ED-8A03-98A502A59F4D} = {A19A36C1-2176-4D94-836B-06D6CE17BB43}
		{D85CEDA9-ECC6-47C8-B696-A28D86C75702} = {A19A36C1-2176-4D94-836B-06D6CE17BB43}
		{C8572083-BABC-464A-8098-47F8AAD92BCA} = {477E4F47-9DC7-4C2B-A427-DED3648FE97F}
	EndGlobalSection
	GlobalSection(ExtensibilityGlobals) = postSolution
		SolutionGuid = {CE0635B2-3910-4B34-84B2-D540A8692879}
	EndGlobalSection
EndGlobal
