
Microsoft Visual Studio Solution File, Format Version 12.00
# Visual Studio Version 16
VisualStudioVersion = 16.0.30717.126
MinimumVisualStudioVersion = 10.0.40219.1
Project("{FAE04EC0-301F-11D3-BF4B-00C04F79EFBC}") = "WorkWithDataSource", "WorkWithDataSource.csproj", "{FD3F4A73-C61A-4D74-8B97-1301FF3B722D}"
EndProject
Global
	GlobalSection(SolutionConfigurationPlatforms) = preSolution
		Debug|Any CPU = Debug|Any CPU
		Release|Any CPU = Release|Any CPU
	EndGlobalSection
	GlobalSection(ProjectConfigurationPlatforms) = postSolution
		{FD3F4A73-C61A-4D74-8B97-1301FF3B722D}.Debug|Any CPU.ActiveCfg = Debug|Any CPU
		{FD3F4A73-C61A-4D74-8B97-1301FF3B722D}.Debug|Any CPU.Build.0 = Debug|Any CPU
		{FD3F4A73-C61A-4D74-8B97-1301FF3B722D}.Release|Any CPU.ActiveCfg = Release|Any CPU
		{FD3F4A73-C61A-4D74-8B97-1301FF3B722D}.Release|Any CPU.Build.0 = Release|Any CPU
	EndGlobalSection
	GlobalSection(SolutionProperties) = preSolution
		HideSolutionNode = FALSE
	EndGlobalSection
	GlobalSection(ExtensibilityGlobals) = postSolution
		SolutionGuid = {F79223C2-D6C0-43B5-9218-5CC4FA546102}
	EndGlobalSection
EndGlobal
